// !$*UTF8*$!
{
	archiveVersion = 1;
	classes = {
	};
	objectVersion = 77;
	objects = {

/* Begin PBXBuildFile section */
		056977F620443701DAD02568 /* Pods_ScreenShareApp.framework in Frameworks */ = {isa = PBXBuildFile; fileRef = 7B8F8041642432B286EA9C33 /* Pods_ScreenShareApp.framework */; };
		06F4EC072F863F8800921DFC /* ReplayKit.framework in Frameworks */ = {isa = PBXBuildFile; fileRef = 06F4EC062F863F8800921DFC /* ReplayKit.framework */; };
		06F4EC0E2F863F8800921DFC /* ScreenShareExt.appex in Embed Foundation Extensions */ = {isa = PBXBuildFile; fileRef = 06F4EC042F863F8800921DFC /* ScreenShareExt.appex */; settings = {ATTRIBUTES = (RemoveHeadersOnCopy, ); }; };
		761721C9D502E35EB979488C /* Pods_ScreenShareExt.framework in Frameworks */ = {isa = PBXBuildFile; fileRef = C1E6D21CCCF1F34D0EC9E3C4 /* Pods_ScreenShareExt.framework */; };
/* End PBXBuildFile section */

/* Begin PBXContainerItemProxy section */
		06F4EBE42F863EE100921DFC /* PBXContainerItemProxy */ = {
			isa = PBXContainerItemProxy;
			containerPortal = 06F4EBCB2F863EE000921DFC /* Project object */;
			proxyType = 1;
			remoteGlobalIDString = 06F4EBD22F863EE000921DFC;
			remoteInfo = ScreenShareApp;
		};
		06F4EBEE2F863EE100921DFC /* PBXContainerItemProxy */ = {
			isa = PBXContainerItemProxy;
			containerPortal = 06F4EBCB2F863EE000921DFC /* Project object */;
			proxyType = 1;
			remoteGlobalIDString = 06F4EBD22F863EE000921DFC;
			remoteInfo = ScreenShareApp;
		};
		06F4EC0C2F863F8800921DFC /* PBXContainerItemProxy */ = {
			isa = PBXContainerItemProxy;
			containerPortal = 06F4EBCB2F863EE000921DFC /* Project object */;
			proxyType = 1;
			remoteGlobalIDString = 06F4EC032F863F8800921DFC;
			remoteInfo = ScreenShareExt;
		};
/* End PBXContainerItemProxy section */

/* Begin PBXCopyFilesBuildPhase section */
		061A348B2F8643830021144A /* Embed ExtensionKit Extensions */ = {
			isa = PBXCopyFilesBuildPhase;
			buildActionMask = 2147483647;
			dstPath = "$(EXTENSIONS_FOLDER_PATH)";
			dstSubfolderSpec = 16;
			files = (
			);
			name = "Embed ExtensionKit Extensions";
			runOnlyForDeploymentPostprocessing = 0;
		};
		06F4EC132F863F8800921DFC /* Embed Foundation Extensions */ = {
			isa = PBXCopyFilesBuildPhase;
			buildActionMask = 2147483647;
			dstPath = "";
			dstSubfolderSpec = 13;
			files = (
				06F4EC0E2F863F8800921DFC /* ScreenShareExt.appex in Embed Foundation Extensions */,
			);
			name = "Embed Foundation Extensions";
			runOnlyForDeploymentPostprocessing = 0;
		};
/* End PBXCopyFilesBuildPhase section */

/* Begin PBXFileReference section */
		06F4EBD32F863EE000921DFC /* ScreenShareApp.app */ = {isa = PBXFileReference; explicitFileType = wrapper.application; includeInIndex = 0; path = ScreenShareApp.app; sourceTree = BUILT_PRODUCTS_DIR; };
		06F4EBE32F863EE100921DFC /* ScreenShareAppTests.xctest */ = {isa = PBXFileReference; explicitFileType = wrapper.cfbundle; includeInIndex = 0; path = ScreenShareAppTests.xctest; sourceTree = BUILT_PRODUCTS_DIR; };
		06F4EBED2F863EE100921DFC /* ScreenShareAppUITests.xctest */ = {isa = PBXFileReference; explicitFileType = wrapper.cfbundle; includeInIndex = 0; path = ScreenShareAppUITests.xctest; sourceTree = BUILT_PRODUCTS_DIR; };
		06F4EC042F863F8800921DFC /* ScreenShareExt.appex */ = {isa = PBXFileReference; explicitFileType = "wrapper.app-extension"; includeInIndex = 0; path = ScreenShareExt.appex; sourceTree = BUILT_PRODUCTS_DIR; };
		06F4EC062F863F8800921DFC /* ReplayKit.framework */ = {isa = PBXFileReference; lastKnownFileType = wrapper.framework; name = ReplayKit.framework; path = System/Library/Frameworks/ReplayKit.framework; sourceTree = SDKROOT; };
		1DF1B70B6B301615CB4E3321 /* Pods-ScreenShareExt.release.xcconfig */ = {isa = PBXFileReference; includeInIndex = 1; lastKnownFileType = text.xcconfig; name = "Pods-ScreenShareExt.release.xcconfig"; path = "Target Support Files/Pods-ScreenShareExt/Pods-ScreenShareExt.release.xcconfig"; sourceTree = "<group>"; };
		69F00F2E71FC430FE4A1EAED /* Pods-ScreenShareExt.debug.xcconfig */ = {isa = PBXFileReference; includeInIndex = 1; lastKnownFileType = text.xcconfig; name = "Pods-ScreenShareExt.debug.xcconfig"; path = "Target Support Files/Pods-ScreenShareExt/Pods-ScreenShareExt.debug.xcconfig"; sourceTree = "<group>"; };
		7B8F8041642432B286EA9C33 /* Pods_ScreenShareApp.framework */ = {isa = PBXFileReference; explicitFileType = wrapper.framework; includeInIndex = 0; path = Pods_ScreenShareApp.framework; sourceTree = BUILT_PRODUCTS_DIR; };
		82E898E6EB33F4FD6545685D /* Pods-ScreenShareApp.release.xcconfig */ = {isa = PBXFileReference; includeInIndex = 1; lastKnownFileType = text.xcconfig; name = "Pods-ScreenShareApp.release.xcconfig"; path = "Target Support Files/Pods-ScreenShareApp/Pods-ScreenShareApp.release.xcconfig"; sourceTree = "<group>"; };
		B708CB415EBF7B6E8D8BD2D1 /* Pods-ScreenShareApp.debug.xcconfig */ = {isa = PBXFileReference; includeInIndex = 1; lastKnownFileType = text.xcconfig; name = "Pods-ScreenShareApp.debug.xcconfig"; path = "Target Support Files/Pods-ScreenShareApp/Pods-ScreenShareApp.debug.xcconfig"; sourceTree = "<group>"; };
		C1E6D21CCCF1F34D0EC9E3C4 /* Pods_ScreenShareExt.framework */ = {isa = PBXFileReference; explicitFileType = wrapper.framework; includeInIndex = 0; path = Pods_ScreenShareExt.framework; sourceTree = BUILT_PRODUCTS_DIR; };
/* End PBXFileReference section */

/* Begin PBXFileSystemSynchronizedBuildFileExceptionSet section */
		068863532FA8CBF300436D3A /* Exceptions for "ScreenShareApp" folder in "ScreenShareExt" target */ = {
			isa = PBXFileSystemSynchronizedBuildFileExceptionSet;
			membershipExceptions = (
				SharedContext.swift,
			);
			target = 06F4EC032F863F8800921DFC /* ScreenShareExt */;
		};
		0688635F2FA8E2EB00436D3A /* Exceptions for "ScreenShareApp" folder in "ScreenShareApp" target */ = {
			isa = PBXFileSystemSynchronizedBuildFileExceptionSet;
			membershipExceptions = (
				Info.plist,
			);
			target = 06F4EBD22F863EE000921DFC /* ScreenShareApp */;
		};
		06F4EC0F2F863F8800921DFC /* Exceptions for "ScreenShareExt" folder in "ScreenShareExt" target */ = {
			isa = PBXFileSystemSynchronizedBuildFileExceptionSet;
			membershipExceptions = (
				Info.plist,
			);
			target = 06F4EC032F863F8800921DFC /* ScreenShareExt */;
		};
/* End PBXFileSystemSynchronizedBuildFileExceptionSet section */

/* Begin PBXFileSystemSynchronizedRootGroup section */
		061A347F2F8643830021144A /* test */ = {
			isa = PBXFileSystemSynchronizedRootGroup;
			path = test;
			sourceTree = "<group>";
		};
		06F4EBD52F863EE000921DFC /* ScreenShareApp */ = {
			isa = PBXFileSystemSynchronizedRootGroup;
			exceptions = (
				0688635F2FA8E2EB00436D3A /* Exceptions for "ScreenShareApp" folder in "ScreenShareApp" target */,
				068863532FA8CBF300436D3A /* Exceptions for "ScreenShareApp" folder in "ScreenShareExt" target */,
			);
			path = ScreenShareApp;
			sourceTree = "<group>";
		};
		06F4EBE62F863EE100921DFC /* ScreenShareAppTests */ = {
			isa = PBXFileSystemSynchronizedRootGroup;
			path = ScreenShareAppTests;
			sourceTree = "<group>";
		};
		06F4EBF02F863EE100921DFC /* ScreenShareAppUITests */ = {
			isa = PBXFileSystemSynchronizedRootGroup;
			path = ScreenShareAppUITests;
			sourceTree = "<group>";
		};
		06F4EC082F863F8800921DFC /* ScreenShareExt */ = {
			isa = PBXFileSystemSynchronizedRootGroup;
			exceptions = (
				06F4EC0F2F863F8800921DFC /* Exceptions for "ScreenShareExt" folder in "ScreenShareExt" target */,
			);
			path = ScreenShareExt;
			sourceTree = "<group>";
		};
/* End PBXFileSystemSynchronizedRootGroup section */

/* Begin PBXFrameworksBuildPhase section */
		06F4EBD02F863EE000921DFC /* Frameworks */ = {
			isa = PBXFrameworksBuildPhase;
			buildActionMask = 2147483647;
			files = (
				056977F620443701DAD02568 /* Pods_ScreenShareApp.framework in Frameworks */,
			);
			runOnlyForDeploymentPostprocessing = 0;
		};
		06F4EBE02F863EE100921DFC /* Frameworks */ = {
			isa = PBXFrameworksBuildPhase;
			buildActionMask = 2147483647;
			files = (
			);
			runOnlyForDeploymentPostprocessing = 0;
		};
		06F4EBEA2F863EE100921DFC /* Frameworks */ = {
			isa = PBXFrameworksBuildPhase;
			buildActionMask = 2147483647;
			files = (
			);
			runOnlyForDeploymentPostprocessing = 0;
		};
		06F4EC012F863F8800921DFC /* Frameworks */ = {
			isa = PBXFrameworksBuildPhase;
			buildActionMask = 2147483647;
			files = (
				06F4EC072F863F8800921DFC /* ReplayKit.framework in Frameworks */,
				761721C9D502E35EB979488C /* Pods_ScreenShareExt.framework in Frameworks */,
			);
			runOnlyForDeploymentPostprocessing = 0;
		};
/* End PBXFrameworksBuildPhase section */

/* Begin PBXGroup section */
		06F4EBCA2F863EE000921DFC = {
			isa = PBXGroup;
			children = (
				06F4EBD52F863EE000921DFC /* ScreenShareApp */,
				06F4EBE62F863EE100921DFC /* ScreenShareAppTests */,
				06F4EBF02F863EE100921DFC /* ScreenShareAppUITests */,
				06F4EC082F863F8800921DFC /* ScreenShareExt */,
				061A347F2F8643830021144A /* test */,
				06F4EC052F863F8800921DFC /* Frameworks */,
				06F4EBD42F863EE000921DFC /* Products */,
				D3F316BCC1E4A9475756E3F2 /* Pods */,
			);
			sourceTree = "<group>";
		};
		06F4EBD42F863EE000921DFC /* Products */ = {
			isa = PBXGroup;
			children = (
				06F4EBD32F863EE000921DFC /* ScreenShareApp.app */,
				06F4EBE32F863EE100921DFC /* ScreenShareAppTests.xctest */,
				06F4EBED2F863EE100921DFC /* ScreenShareAppUITests.xctest */,
				06F4EC042F863F8800921DFC /* ScreenShareExt.appex */,
			);
			name = Products;
			sourceTree = "<group>";
		};
		06F4EC052F863F8800921DFC /* Frameworks */ = {
			isa = PBXGroup;
			children = (
				06F4EC062F863F8800921DFC /* ReplayKit.framework */,
				7B8F8041642432B286EA9C33 /* Pods_ScreenShareApp.framework */,
				C1E6D21CCCF1F34D0EC9E3C4 /* Pods_ScreenShareExt.framework */,
			);
			name = Frameworks;
			sourceTree = "<group>";
		};
		D3F316BCC1E4A9475756E3F2 /* Pods */ = {
			isa = PBXGroup;
			children = (
				B708CB415EBF7B6E8D8BD2D1 /* Pods-ScreenShareApp.debug.xcconfig */,
				82E898E6EB33F4FD6545685D /* Pods-ScreenShareApp.release.xcconfig */,
				69F00F2E71FC430FE4A1EAED /* Pods-ScreenShareExt.debug.xcconfig */,
				1DF1B70B6B301615CB4E3321 /* Pods-ScreenShareExt.release.xcconfig */,
			);
			path = Pods;
			sourceTree = "<group>";
		};
/* End PBXGroup section */

/* Begin PBXNativeTarget section */
		06F4EBD22F863EE000921DFC /* ScreenShareApp */ = {
			isa = PBXNativeTarget;
			buildConfigurationList = 06F4EBF72F863EE100921DFC /* Build configuration list for PBXNativeTarget "ScreenShareApp" */;
			buildPhases = (
				EEBDF82349ED12C29017D7DE /* [CP] Check Pods Manifest.lock */,
				06F4EBCF2F863EE000921DFC /* Sources */,
				06F4EBD02F863EE000921DFC /* Frameworks */,
				06F4EBD12F863EE000921DFC /* Resources */,
				06F4EC132F863F8800921DFC /* Embed Foundation Extensions */,
				061A348B2F8643830021144A /* Embed ExtensionKit Extensions */,
				181266BE4B40E2475C5CF98E /* [CP] Embed Pods Frameworks */,
			);
			buildRules = (
			);
			dependencies = (
				06F4EC0D2F863F8800921DFC /* PBXTargetDependency */,
			);
			fileSystemSynchronizedGroups = (
				06F4EBD52F863EE000921DFC /* ScreenShareApp */,
			);
			name = ScreenShareApp;
			productName = ScreenShareApp;
			productReference = 06F4EBD32F863EE000921DFC /* ScreenShareApp.app */;
			productType = "com.apple.product-type.application";
		};
		06F4EBE22F863EE100921DFC /* ScreenShareAppTests */ = {
			isa = PBXNativeTarget;
			buildConfigurationList = 06F4EBFA2F863EE100921DFC /* Build configuration list for PBXNativeTarget "ScreenShareAppTests" */;
			buildPhases = (
				06F4EBDF2F863EE100921DFC /* Sources */,
				06F4EBE02F863EE100921DFC /* Frameworks */,
				06F4EBE12F863EE100921DFC /* Resources */,
			);
			buildRules = (
			);
			dependencies = (
				06F4EBE52F863EE100921DFC /* PBXTargetDependency */,
			);
			fileSystemSynchronizedGroups = (
				06F4EBE62F863EE100921DFC /* ScreenShareAppTests */,
			);
			name = ScreenShareAppTests;
			productName = ScreenShareAppTests;
			productReference = 06F4EBE32F863EE100921DFC /* ScreenShareAppTests.xctest */;
			productType = "com.apple.product-type.bundle.unit-test";
		};
		06F4EBEC2F863EE100921DFC /* ScreenShareAppUITests */ = {
			isa = PBXNativeTarget;
			buildConfigurationList = 06F4EBFD2F863EE100921DFC /* Build configuration list for PBXNativeTarget "ScreenShareAppUITests" */;
			buildPhases = (
				06F4EBE92F863EE100921DFC /* Sources */,
				06F4EBEA2F863EE100921DFC /* Frameworks */,
				06F4EBEB2F863EE100921DFC /* Resources */,
			);
			buildRules = (
			);
			dependencies = (
				06F4EBEF2F863EE100921DFC /* PBXTargetDependency */,
			);
			fileSystemSynchronizedGroups = (
				06F4EBF02F863EE100921DFC /* ScreenShareAppUITests */,
			);
			name = ScreenShareAppUITests;
			productName = ScreenShareAppUITests;
			productReference = 06F4EBED2F863EE100921DFC /* ScreenShareAppUITests.xctest */;
			productType = "com.apple.product-type.bundle.ui-testing";
		};
		06F4EC032F863F8800921DFC /* ScreenShareExt */ = {
			isa = PBXNativeTarget;
			buildConfigurationList = 06F4EC102F863F8800921DFC /* Build configuration list for PBXNativeTarget "ScreenShareExt" */;
			buildPhases = (
				6CAAEE95699CEAF3805B4733 /* [CP] Check Pods Manifest.lock */,
				06F4EC002F863F8800921DFC /* Sources */,
				06F4EC012F863F8800921DFC /* Frameworks */,
				06F4EC022F863F8800921DFC /* Resources */,
			);
			buildRules = (
			);
			dependencies = (
			);
			fileSystemSynchronizedGroups = (
				06F4EC082F863F8800921DFC /* ScreenShareExt */,
			);
			name = ScreenShareExt;
			productName = ScreenShareExt;
			productReference = 06F4EC042F863F8800921DFC /* ScreenShareExt.appex */;
			productType = "com.apple.product-type.app-extension";
		};
/* End PBXNativeTarget section */

/* Begin PBXProject section */
		06F4EBCB2F863EE000921DFC /* Project object */ = {
			isa = PBXProject;
			attributes = {
				BuildIndependentTargetsInParallel = 1;
				LastSwiftUpdateCheck = 1620;
				LastUpgradeCheck = 1620;
				TargetAttributes = {
					06F4EBD22F863EE000921DFC = {
						CreatedOnToolsVersion = 16.2;
					};
					06F4EBE22F863EE100921DFC = {
						CreatedOnToolsVersion = 16.2;
						TestTargetID = 06F4EBD22F863EE000921DFC;
					};
					06F4EBEC2F863EE100921DFC = {
						CreatedOnToolsVersion = 16.2;
						TestTargetID = 06F4EBD22F863EE000921DFC;
					};
					06F4EC032F863F8800921DFC = {
						CreatedOnToolsVersion = 16.2;
						LastSwiftMigration = 1620;
					};
				};
			};
			buildConfigurationList = 06F4EBCE2F863EE000921DFC /* Build configuration list for PBXProject "ScreenShareApp" */;
			developmentRegion = en;
			hasScannedForEncodings = 0;
			knownRegions = (
				en,
				Base,
			);
			mainGroup = 06F4EBCA2F863EE000921DFC;
			minimizedProjectReferenceProxies = 1;
			preferredProjectObjectVersion = 77;
			productRefGroup = 06F4EBD42F863EE000921DFC /* Products */;
			projectDirPath = "";
			projectRoot = "";
			targets = (
				06F4EBD22F863EE000921DFC /* ScreenShareApp */,
				06F4EBE22F863EE100921DFC /* ScreenShareAppTests */,
				06F4EBEC2F863EE100921DFC /* ScreenShareAppUITests */,
				06F4EC032F863F8800921DFC /* ScreenShareExt */,
			);
		};
/* End PBXProject section */

/* Begin PBXResourcesBuildPhase section */
		06F4EBD12F863EE000921DFC /* Resources */ = {
			isa = PBXResourcesBuildPhase;
			buildActionMask = 2147483647;
			files = (
			);
			runOnlyForDeploymentPostprocessing = 0;
		};
		06F4EBE12F863EE100921DFC /* Resources */ = {
			isa = PBXResourcesBuildPhase;
			buildActionMask = 2147483647;
			files = (
			);
			runOnlyForDeploymentPostprocessing = 0;
		};
		06F4EBEB2F863EE100921DFC /* Resources */ = {
			isa = PBXResourcesBuildPhase;
			buildActionMask = 2147483647;
			files = (
			);
			runOnlyForDeploymentPostprocessing = 0;
		};
		06F4EC022F863F8800921DFC /* Resources */ = {
			isa = PBXResourcesBuildPhase;
			buildActionMask = 2147483647;
			files = (
			);
			runOnlyForDeploymentPostprocessing = 0;
		};
/* End PBXResourcesBuildPhase section */

/* Begin PBXShellScriptBuildPhase section */
		181266BE4B40E2475C5CF98E /* [CP] Embed Pods Frameworks */ = {
			isa = PBXShellScriptBuildPhase;
			buildActionMask = 2147483647;
			files = (
			);
			inputFileListPaths = (
				"${PODS_ROOT}/Target Support Files/Pods-ScreenShareApp/Pods-ScreenShareApp-frameworks-${CONFIGURATION}-input-files.xcfilelist",
			);
			name = "[CP] Embed Pods Frameworks";
			outputFileListPaths = (
				"${PODS_ROOT}/Target Support Files/Pods-ScreenShareApp/Pods-ScreenShareApp-frameworks-${CONFIGURATION}-output-files.xcfilelist",
			);
			runOnlyForDeploymentPostprocessing = 0;
			shellPath = /bin/sh;
			shellScript = "\"${PODS_ROOT}/Target Support Files/Pods-ScreenShareApp/Pods-ScreenShareApp-frameworks.sh\"\n";
			showEnvVarsInLog = 0;
		};
		6CAAEE95699CEAF3805B4733 /* [CP] Check Pods Manifest.lock */ = {
			isa = PBXShellScriptBuildPhase;
			buildActionMask = 2147483647;
			files = (
			);
			inputFileListPaths = (
			);
			inputPaths = (
				"${PODS_PODFILE_DIR_PATH}/Podfile.lock",
				"${PODS_ROOT}/Manifest.lock",
			);
			name = "[CP] Check Pods Manifest.lock";
			outputFileListPaths = (
			);
			outputPaths = (
				"$(DERIVED_FILE_DIR)/Pods-ScreenShareExt-checkManifestLockResult.txt",
			);
			runOnlyForDeploymentPostprocessing = 0;
			shellPath = /bin/sh;
			shellScript = "diff \"${PODS_PODFILE_DIR_PATH}/Podfile.lock\" \"${PODS_ROOT}/Manifest.lock\" > /dev/null\nif [ $? != 0 ] ; then\n    # print error to STDERR\n    echo \"error: The sandbox is not in sync with the Podfile.lock. Run 'pod install' or update your CocoaPods installation.\" >&2\n    exit 1\nfi\n# This output is used by Xcode 'outputs' to avoid re-running this script phase.\necho \"SUCCESS\" > \"${SCRIPT_OUTPUT_FILE_0}\"\n";
			showEnvVarsInLog = 0;
		};
		EEBDF82349ED12C29017D7DE /* [CP] Check Pods Manifest.lock */ = {
			isa = PBXShellScriptBuildPhase;
			buildActionMask = 2147483647;
			files = (
			);
			inputFileListPaths = (
			);
			inputPaths = (
				"${PODS_PODFILE_DIR_PATH}/Podfile.lock",
				"${PODS_ROOT}/Manifest.lock",
			);
			name = "[CP] Check Pods Manifest.lock";
			outputFileListPaths = (
			);
			outputPaths = (
				"$(DERIVED_FILE_DIR)/Pods-ScreenShareApp-checkManifestLockResult.txt",
			);
			runOnlyForDeploymentPostprocessing = 0;
			shellPath = /bin/sh;
			shellScript = "diff \"${PODS_PODFILE_DIR_PATH}/Podfile.lock\" \"${PODS_ROOT}/Manifest.lock\" > /dev/null\nif [ $? != 0 ] ; then\n    # print error to STDERR\n    echo \"error: The sandbox is not in sync with the Podfile.lock. Run 'pod install' or update your CocoaPods installation.\" >&2\n    exit 1\nfi\n# This output is used by Xcode 'outputs' to avoid re-running this script phase.\necho \"SUCCESS\" > \"${SCRIPT_OUTPUT_FILE_0}\"\n";
			showEnvVarsInLog = 0;
		};
/* End PBXShellScriptBuildPhase section */

/* Begin PBXSourcesBuildPhase section */
		06F4EBCF2F863EE000921DFC /* Sources */ = {
			isa = PBXSourcesBuildPhase;
			buildActionMask = 2147483647;
			files = (
			);
			runOnlyForDeploymentPostprocessing = 0;
		};
		06F4EBDF2F863EE100921DFC /* Sources */ = {
			isa = PBXSourcesBuildPhase;
			buildActionMask = 2147483647;
			files = (
			);
			runOnlyForDeploymentPostprocessing = 0;
		};
		06F4EBE92F863EE100921DFC /* Sources */ = {
			isa = PBXSourcesBuildPhase;
			buildActionMask = 2147483647;
			files = (
			);
			runOnlyForDeploymentPostprocessing = 0;
		};
		06F4EC002F863F8800921DFC /* Sources */ = {
			isa = PBXSourcesBuildPhase;
			buildActionMask = 2147483647;
			files = (
			);
			runOnlyForDeploymentPostprocessing = 0;
		};
/* End PBXSourcesBuildPhase section */

/* Begin PBXTargetDependency section */
		06F4EBE52F863EE100921DFC /* PBXTargetDependency */ = {
			isa = PBXTargetDependency;
			target = 06F4EBD22F863EE000921DFC /* ScreenShareApp */;
			targetProxy = 06F4EBE42F863EE100921DFC /* PBXContainerItemProxy */;
		};
		06F4EBEF2F863EE100921DFC /* PBXTargetDependency */ = {
			isa = PBXTargetDependency;
			target = 06F4EBD22F863EE000921DFC /* ScreenShareApp */;
			targetProxy = 06F4EBEE2F863EE100921DFC /* PBXContainerItemProxy */;
		};
		06F4EC0D2F863F8800921DFC /* PBXTargetDependency */ = {
			isa = PBXTargetDependency;
			target = 06F4EC032F863F8800921DFC /* ScreenShareExt */;
			targetProxy = 06F4EC0C2F863F8800921DFC /* PBXContainerItemProxy */;
		};
/* End PBXTargetDependency section */

/* Begin XCBuildConfiguration section */
		06F4EBF52F863EE100921DFC /* Debug */ = {
			isa = XCBuildConfiguration;
			buildSettings = {
				ALWAYS_SEARCH_USER_PATHS = NO;
				ASSETCATALOG_COMPILER_GENERATE_SWIFT_ASSET_SYMBOL_EXTENSIONS = YES;
				CLANG_ANALYZER_NONNULL = YES;
				CLANG_ANALYZER_NUMBER_OBJECT_CONVERSION = YES_AGGRESSIVE;
				CLANG_CXX_LANGUAGE_STANDARD = "gnu++20";
				CLANG_ENABLE_MODULES = YES;
				CLANG_ENABLE_OBJC_ARC = YES;
				CLANG_ENABLE_OBJC_WEAK = YES;
				CLANG_WARN_BLOCK_CAPTURE_AUTORELEASING = YES;
				CLANG_WARN_BOOL_CONVERSION = YES;
				CLANG_WARN_COMMA = YES;
				CLANG_WARN_CONSTANT_CONVERSION = YES;
				CLANG_WARN_DEPRECATED_OBJC_IMPLEMENTATIONS = YES;
				CLANG_WARN_DIRECT_OBJC_ISA_USAGE = YES_ERROR;
				CLANG_WARN_DOCUMENTATION_COMMENTS = YES;
				CLANG_WARN_EMPTY_BODY = YES;
				CLANG_WARN_ENUM_CONVERSION = YES;
				CLANG_WARN_INFINITE_RECURSION = YES;
				CLANG_WARN_INT_CONVERSION = YES;
				CLANG_WARN_NON_LITERAL_NULL_CONVERSION = YES;
				CLANG_WARN_OBJC_IMPLICIT_RETAIN_SELF = YES;
				CLANG_WARN_OBJC_LITERAL_CONVERSION = YES;
				CLANG_WARN_OBJC_ROOT_CLASS = YES_ERROR;
				CLANG_WARN_QUOTED_INCLUDE_IN_FRAMEWORK_HEADER = YES;
				CLANG_WARN_RANGE_LOOP_ANALYSIS = YES;
				CLANG_WARN_STRICT_PROTOTYPES = YES;
				CLANG_WARN_SUSPICIOUS_MOVE = YES;
				CLANG_WARN_UNGUARDED_AVAILABILITY = YES_AGGRESSIVE;
				CLANG_WARN_UNREACHABLE_CODE = YES;
				CLANG_WARN__DUPLICATE_METHOD_MATCH = YES;
				COPY_PHASE_STRIP = NO;
				DEBUG_INFORMATION_FORMAT = dwarf;
				ENABLE_STRICT_OBJC_MSGSEND = YES;
				ENABLE_TESTABILITY = YES;
				ENABLE_USER_SCRIPT_SANDBOXING = NO;
				GCC_C_LANGUAGE_STANDARD = gnu17;
				GCC_DYNAMIC_NO_PIC = NO;
				GCC_NO_COMMON_BLOCKS = YES;
				GCC_OPTIMIZATION_LEVEL = 0;
				GCC_PREPROCESSOR_DEFINITIONS = (
					"DEBUG=1",
					"$(inherited)",
				);
				GCC_WARN_64_TO_32_BIT_CONVERSION = YES;
				GCC_WARN_ABOUT_RETURN_TYPE = YES_ERROR;
				GCC_WARN_UNDECLARED_SELECTOR = YES;
				GCC_WARN_UNINITIALIZED_AUTOS = YES_AGGRESSIVE;
				GCC_WARN_UNUSED_FUNCTION = YES;
				GCC_WARN_UNUSED_VARIABLE = YES;
				IPHONEOS_DEPLOYMENT_TARGET = 15.6;
				LOCALIZATION_PREFERS_STRING_CATALOGS = YES;
				MTL_ENABLE_DEBUG_INFO = INCLUDE_SOURCE;
				MTL_FAST_MATH = YES;
				ONLY_ACTIVE_ARCH = YES;
				SDKROOT = iphoneos;
				SWIFT_ACTIVE_COMPILATION_CONDITIONS = "DEBUG $(inherited)";
				SWIFT_OPTIMIZATION_LEVEL = "-Onone";
			};
			name = Debug;
		};
		06F4EBF62F863EE100921DFC /* Release */ = {
			isa = XCBuildConfiguration;
			buildSettings = {
				ALWAYS_SEARCH_USER_PATHS = NO;
				ASSETCATALOG_COMPILER_GENERATE_SWIFT_ASSET_SYMBOL_EXTENSIONS = YES;
				CLANG_ANALYZER_NONNULL = YES;
				CLANG_ANALYZER_NUMBER_OBJECT_CONVERSION = YES_AGGRESSIVE;
				CLANG_CXX_LANGUAGE_STANDARD = "gnu++20";
				CLANG_ENABLE_MODULES = YES;
				CLANG_ENABLE_OBJC_ARC = YES;
				CLANG_ENABLE_OBJC_WEAK = YES;
				CLANG_WARN_BLOCK_CAPTURE_AUTORELEASING = YES;
				CLANG_WARN_BOOL_CONVERSION = YES;
				CLANG_WARN_COMMA = YES;
				CLANG_WARN_CONSTANT_CONVERSION = YES;
				CLANG_WARN_DEPRECATED_OBJC_IMPLEMENTATIONS = YES;
				CLANG_WARN_DIRECT_OBJC_ISA_USAGE = YES_ERROR;
				CLANG_WARN_DOCUMENTATION_COMMENTS = YES;
				CLANG_WARN_EMPTY_BODY = YES;
				CLANG_WARN_ENUM_CONVERSION = YES;
				CLANG_WARN_INFINITE_RECURSION = YES;
				CLANG_WARN_INT_CONVERSION = YES;
				CLANG_WARN_NON_LITERAL_NULL_CONVERSION = YES;
				CLANG_WARN_OBJC_IMPLICIT_RETAIN_SELF = YES;
				CLANG_WARN_OBJC_LITERAL_CONVERSION = YES;
				CLANG_WARN_OBJC_ROOT_CLASS = YES_ERROR;
				CLANG_WARN_QUOTED_INCLUDE_IN_FRAMEWORK_HEADER = YES;
				CLANG_WARN_RANGE_LOOP_ANALYSIS = YES;
				CLANG_WARN_STRICT_PROTOTYPES = YES;
				CLANG_WARN_SUSPICIOUS_MOVE = YES;
				CLANG_WARN_UNGUARDED_AVAILABILITY = YES_AGGRESSIVE;
				CLANG_WARN_UNREACHABLE_CODE = YES;
				CLANG_WARN__DUPLICATE_METHOD_MATCH = YES;
				COPY_PHASE_STRIP = NO;
				DEBUG_INFORMATION_FORMAT = "dwarf-with-dsym";
				ENABLE_NS_ASSERTIONS = NO;
				ENABLE_STRICT_OBJC_MSGSEND = YES;
				ENABLE_USER_SCRIPT_SANDBOXING = NO;
				GCC_C_LANGUAGE_STANDARD = gnu17;
				GCC_NO_COMMON_BLOCKS = YES;
				GCC_WARN_64_TO_32_BIT_CONVERSION = YES;
				GCC_WARN_ABOUT_RETURN_TYPE = YES_ERROR;
				GCC_WARN_UNDECLARED_SELECTOR = YES;
				GCC_WARN_UNINITIALIZED_AUTOS = YES_AGGRESSIVE;
				GCC_WARN_UNUSED_FUNCTION = YES;
				GCC_WARN_UNUSED_VARIABLE = YES;
				IPHONEOS_DEPLOYMENT_TARGET = 15.6;
				LOCALIZATION_PREFERS_STRING_CATALOGS = YES;
				MTL_ENABLE_DEBUG_INFO = NO;
				MTL_FAST_MATH = YES;
				SDKROOT = iphoneos;
				SWIFT_COMPILATION_MODE = wholemodule;
				VALIDATE_PRODUCT = YES;
			};
			name = Release;
		};
		06F4EBF82F863EE100921DFC /* Debug */ = {
			isa = XCBuildConfiguration;
			baseConfigurationReference = B708CB415EBF7B6E8D8BD2D1 /* Pods-ScreenShareApp.debug.xcconfig */;
			buildSettings = {
				ASSETCATALOG_COMPILER_APPICON_NAME = AppIcon;
				ASSETCATALOG_COMPILER_GLOBAL_ACCENT_COLOR_NAME = AccentColor;
				CODE_SIGN_ENTITLEMENTS = ScreenShareApp/ScreenShareApp.entitlements;
				CODE_SIGN_STYLE = Automatic;
				CURRENT_PROJECT_VERSION = 1;
				DEVELOPMENT_ASSET_PATHS = "\"ScreenShareApp/Preview Content\"";
				DEVELOPMENT_TEAM = 9YG8P8HX3K;
				ENABLE_PREVIEWS = YES;
				GENERATE_INFOPLIST_FILE = YES;
				INFOPLIST_FILE = ScreenShareApp/Info.plist;
				INFOPLIST_KEY_NSCameraUsageDescription = "카메라 접근 권한이 필요합니다.";
				INFOPLIST_KEY_UIApplicationSceneManifest_Generation = YES;
				INFOPLIST_KEY_UIApplicationSupportsIndirectInputEvents = YES;
				INFOPLIST_KEY_UILaunchScreen_Generation = YES;
				INFOPLIST_KEY_UISupportedInterfaceOrientations_iPad = "UIInterfaceOrientationPortrait UIInterfaceOrientationPortraitUpsideDown UIInterfaceOrientationLandscapeLeft UIInterfaceOrientationLandscapeRight";
				INFOPLIST_KEY_UISupportedInterfaceOrientations_iPhone = "UIInterfaceOrientationPortrait UIInterfaceOrientationLandscapeLeft UIInterfaceOrientationLandscapeRight";
				LD_RUNPATH_SEARCH_PATHS = (
					"$(inherited)",
					"@executable_path/Frameworks",
				);
				MARKETING_VERSION = 1.0;
				PRODUCT_BUNDLE_IDENTIFIER = com.will115.ScreenShareApp;
				PRODUCT_NAME = "$(TARGET_NAME)";
				SWIFT_EMIT_LOC_STRINGS = YES;
				SWIFT_VERSION = 5.0;
				TARGETED_DEVICE_FAMILY = "1,2";
			};
			name = Debug;
		};
		06F4EBF92F863EE100921DFC /* Release */ = {
			isa = XCBuildConfiguration;
			baseConfigurationReference = 82E898E6EB33F4FD6545685D /* Pods-ScreenShareApp.release.xcconfig */;
			buildSettings = {
				ASSETCATALOG_COMPILER_APPICON_NAME = AppIcon;
				ASSETCATALOG_COMPILER_GLOBAL_ACCENT_COLOR_NAME = AccentColor;
				CODE_SIGN_ENTITLEMENTS = ScreenShareApp/ScreenShareApp.entitlements;
				CODE_SIGN_STYLE = Automatic;
				CURRENT_PROJECT_VERSION = 1;
				DEVELOPMENT_ASSET_PATHS = "\"ScreenShareApp/Preview Content\"";
				DEVELOPMENT_TEAM = 9YG8P8HX3K;
				ENABLE_PREVIEWS = YES;
				GENERATE_INFOPLIST_FILE = YES;
				INFOPLIST_FILE = ScreenShareApp/Info.plist;
				INFOPLIST_KEY_NSCameraUsageDescription = "카메라 접근 권한이 필요합니다.";
				INFOPLIST_KEY_UIApplicationSceneManifest_Generation = YES;
				INFOPLIST_KEY_UIApplicationSupportsIndirectInputEvents = YES;
				INFOPLIST_KEY_UILaunchScreen_Generation = YES;
				INFOPLIST_KEY_UISupportedInterfaceOrientations_iPad = "UIInterfaceOrientationPortrait UIInterfaceOrientationPortraitUpsideDown UIInterfaceOrientationLandscapeLeft UIInterfaceOrientationLandscapeRight";
				INFOPLIST_KEY_UISupportedInterfaceOrientations_iPhone = "UIInterfaceOrientationPortrait UIInterfaceOrientationLandscapeLeft UIInterfaceOrientationLandscapeRight";
				LD_RUNPATH_SEARCH_PATHS = (
					"$(inherited)",
					"@executable_path/Frameworks",
				);
				MARKETING_VERSION = 1.0;
				PRODUCT_BUNDLE_IDENTIFIER = com.will115.ScreenShareApp;
				PRODUCT_NAME = "$(TARGET_NAME)";
				SWIFT_EMIT_LOC_STRINGS = YES;
				SWIFT_VERSION = 5.0;
				TARGETED_DEVICE_FAMILY = "1,2";
			};
			name = Release;
		};
		06F4EBFB2F863EE100921DFC /* Debug */ = {
			isa = XCBuildConfiguration;
			buildSettings = {
				BUNDLE_LOADER = "$(TEST_HOST)";
				CODE_SIGN_STYLE = Automatic;
				CURRENT_PROJECT_VERSION = 1;
				DEVELOPMENT_TEAM = 9YG8P8HX3K;
				GENERATE_INFOPLIST_FILE = YES;
				IPHONEOS_DEPLOYMENT_TARGET = 18.2;
				MARKETING_VERSION = 1.0;
				PRODUCT_BUNDLE_IDENTIFIER = com.will115.ScreenShareAppTests;
				PRODUCT_NAME = "$(TARGET_NAME)";
				SWIFT_EMIT_LOC_STRINGS = NO;
				SWIFT_VERSION = 5.0;
				TARGETED_DEVICE_FAMILY = "1,2";
				TEST_HOST = "$(BUILT_PRODUCTS_DIR)/ScreenShareApp.app/$(BUNDLE_EXECUTABLE_FOLDER_PATH)/ScreenShareApp";
			};
			name = Debug;
		};
		06F4EBFC2F863EE100921DFC /* Release */ = {
			isa = XCBuildConfiguration;
			buildSettings = {
				BUNDLE_LOADER = "$(TEST_HOST)";
				CODE_SIGN_STYLE = Automatic;
				CURRENT_PROJECT_VERSION = 1;
				DEVELOPMENT_TEAM = 9YG8P8HX3K;
				GENERATE_INFOPLIST_FILE = YES;
				IPHONEOS_DEPLOYMENT_TARGET = 18.2;
				MARKETING_VERSION = 1.0;
				PRODUCT_BUNDLE_IDENTIFIER = com.will115.ScreenShareAppTests;
				PRODUCT_NAME = "$(TARGET_NAME)";
				SWIFT_EMIT_LOC_STRINGS = NO;
				SWIFT_VERSION = 5.0;
				TARGETED_DEVICE_FAMILY = "1,2";
				TEST_HOST = "$(BUILT_PRODUCTS_DIR)/ScreenShareApp.app/$(BUNDLE_EXECUTABLE_FOLDER_PATH)/ScreenShareApp";
			};
			name = Release;
		};
		06F4EBFE2F863EE100921DFC /* Debug */ = {
			isa = XCBuildConfiguration;
			buildSettings = {
				CODE_SIGN_STYLE = Automatic;
				CURRENT_PROJECT_VERSION = 1;
				DEVELOPMENT_TEAM = 9YG8P8HX3K;
				GENERATE_INFOPLIST_FILE = YES;
				MARKETING_VERSION = 1.0;
				PRODUCT_BUNDLE_IDENTIFIER = com.will115.ScreenShareAppUITests;
				PRODUCT_NAME = "$(TARGET_NAME)";
				SWIFT_EMIT_LOC_STRINGS = NO;
				SWIFT_VERSION = 5.0;
				TARGETED_DEVICE_FAMILY = "1,2";
				TEST_TARGET_NAME = ScreenShareApp;
			};
			name = Debug;
		};
		06F4EBFF2F863EE100921DFC /* Release */ = {
			isa = XCBuildConfiguration;
			buildSettings = {
				CODE_SIGN_STYLE = Automatic;
				CURRENT_PROJECT_VERSION = 1;
				DEVELOPMENT_TEAM = 9YG8P8HX3K;
				GENERATE_INFOPLIST_FILE = YES;
				MARKETING_VERSION = 1.0;
				PRODUCT_BUNDLE_IDENTIFIER = com.will115.ScreenShareAppUITests;
				PRODUCT_NAME = "$(TARGET_NAME)";
				SWIFT_EMIT_LOC_STRINGS = NO;
				SWIFT_VERSION = 5.0;
				TARGETED_DEVICE_FAMILY = "1,2";
				TEST_TARGET_NAME = ScreenShareApp;
			};
			name = Release;
		};
		06F4EC112F863F8800921DFC /* Debug */ = {
			isa = XCBuildConfiguration;
			baseConfigurationReference = 69F00F2E71FC430FE4A1EAED /* Pods-ScreenShareExt.debug.xcconfig */;
			buildSettings = {
				CLANG_ENABLE_MODULES = YES;
				CODE_SIGN_ENTITLEMENTS = ScreenShareExt/ScreenShareExt.entitlements;
				CODE_SIGN_STYLE = Automatic;
				CURRENT_PROJECT_VERSION = 1;
				DEVELOPMENT_TEAM = 9YG8P8HX3K;
				GENERATE_INFOPLIST_FILE = YES;
				INFOPLIST_FILE = ScreenShareExt/Info.plist;
				INFOPLIST_KEY_CFBundleDisplayName = ScreenShareExt;
				INFOPLIST_KEY_NSHumanReadableCopyright = "";
				LD_RUNPATH_SEARCH_PATHS = (
					"$(inherited)",
					"@executable_path/Frameworks",
					"@executable_path/../../Frameworks",
				);
				MARKETING_VERSION = 1.0;
				PRODUCT_BUNDLE_IDENTIFIER = com.will115.ScreenShareApp.ScreenShareExt;
				PRODUCT_NAME = "$(TARGET_NAME)";
				SKIP_INSTALL = YES;
				SWIFT_EMIT_LOC_STRINGS = YES;
				SWIFT_OPTIMIZATION_LEVEL = "-Onone";
				SWIFT_VERSION = 5.0;
				TARGETED_DEVICE_FAMILY = "1,2";
			};
			name = Debug;
		};
		06F4EC122F863F8800921DFC /* Release */ = {
			isa = XCBuildConfiguration;
			baseConfigurationReference = 1DF1B70B6B301615CB4E3321 /* Pods-ScreenShareExt.release.xcconfig */;
			buildSettings = {
				CLANG_ENABLE_MODULES = YES;
				CODE_SIGN_ENTITLEMENTS = ScreenShareExt/ScreenShareExt.entitlements;
				CODE_SIGN_STYLE = Automatic;
				CURRENT_PROJECT_VERSION = 1;
				DEVELOPMENT_TEAM = 9YG8P8HX3K;
				GENERATE_INFOPLIST_FILE = YES;
				INFOPLIST_FILE = ScreenShareExt/Info.plist;
				INFOPLIST_KEY_CFBundleDisplayName = ScreenShareExt;
				INFOPLIST_KEY_NSHumanReadableCopyright = "";
				LD_RUNPATH_SEARCH_PATHS = (
					"$(inherited)",
					"@executable_path/Frameworks",
					"@executable_path/../../Frameworks",
				);
				MARKETING_VERSION = 1.0;
				PRODUCT_BUNDLE_IDENTIFIER = com.will115.ScreenShareApp.ScreenShareExt;
				PRODUCT_NAME = "$(TARGET_NAME)";
				SKIP_INSTALL = YES;
				SWIFT_EMIT_LOC_STRINGS = YES;
				SWIFT_VERSION = 5.0;
				TARGETED_DEVICE_FAMILY = "1,2";
			};
			name = Release;
		};
/* End XCBuildConfiguration section */

/* Begin XCConfigurationList section */
		06F4EBCE2F863EE000921DFC /* Build configuration list for PBXProject "ScreenShareApp" */ = {
			isa = XCConfigurationList;
			buildConfigurations = (
				06F4EBF52F863EE100921DFC /* Debug */,
				06F4EBF62F863EE100921DFC /* Release */,
			);
			defaultConfigurationIsVisible = 0;
			defaultConfigurationName = Release;
		};
		06F4EBF72F863EE100921DFC /* Build configuration list for PBXNativeTarget "ScreenShareApp" */ = {
			isa = XCConfigurationList;
			buildConfigurations = (
				06F4EBF82F863EE100921DFC /* Debug */,
				06F4EBF92F863EE100921DFC /* Release */,
			);
			defaultConfigurationIsVisible = 0;
			defaultConfigurationName = Release;
		};
		06F4EBFA2F863EE100921DFC /* Build configuration list for PBXNativeTarget "ScreenShareAppTests" */ = {
			isa = XCConfigurationList;
			buildConfigurations = (
				06F4EBFB2F863EE100921DFC /* Debug */,
				06F4EBFC2F863EE100921DFC /* Release */,
			);
			defaultConfigurationIsVisible = 0;
			defaultConfigurationName = Release;
		};
		06F4EBFD2F863EE100921DFC /* Build configuration list for PBXNativeTarget "ScreenShareAppUITests" */ = {
			isa = XCConfigurationList;
			buildConfigurations = (
				06F4EBFE2F863EE100921DFC /* Debug */,
				06F4EBFF2F863EE100921DFC /* Release */,
			);
			defaultConfigurationIsVisible = 0;
			defaultConfigurationName = Release;
		};
		06F4EC102F863F8800921DFC /* Build configuration list for PBXNativeTarget "ScreenShareExt" */ = {
			isa = XCConfigurationList;
			buildConfigurations = (
				06F4EC112F863F8800921DFC /* Debug */,
				06F4EC122F863F8800921DFC /* Release */,
			);
			defaultConfigurationIsVisible = 0;
			defaultConfigurationName = Release;
		};
/* End XCConfigurationList section */
	};
	rootObject = 06F4EBCB2F863EE000921DFC /* Project object */;
}
